{
    "_meta": {
        "hash": {
            "sha256": "f2bb2e91264c89ea8ff1380d5a74686f293ffb5a1d73221b89d9cb1e09a90bf1"
        },
        "pipfile-spec": 6,
        "requires": {
            "python_version": "3.10"
        },
        "sources": [
            {
                "name": "pypi",
                "url": "https://pypi.org/simple",
                "verify_ssl": true
            }
        ]
    },
    "default": {
        "behave": {
            "hashes": [
                "sha256:b9662327aa53294c1351b0a9c369093ccec1d21026f050c3bd9b3e5cccf81a86",
                "sha256:ebda1a6c9e5bfe95c5f9f0a2794e01c7098b3dde86c10a95d8621c5907ff6f1c"
            ],
            "index": "pypi",
            "markers": "python_version >= '2.6' and python_version not in '3.0, 3.1, 3.2, 3.3'",
            "version": "==1.2.6"
        },
        "behave-html-pretty-formatter": {
            "hashes": [
                "sha256:46c3343d246b91740b2a75704852fb1607a5705d9e44592639c0d33d82a9a05c",
                "sha256:ee9b6dc11e214651da5c4ce03e8e9229a8c2d7a24353290446494b7b72a4101b"
            ],
            "index": "pypi",
            "markers": "python_version >= '3.6'",
            "version": "==1.11.1"
        },
        "certifi": {
            "hashes": [
                "sha256:922820b53db7a7257ffbda3f597266d435245903d80737e34f8a45ff3e3230d8",
                "sha256:bec941d2aa8195e248a60b31ff9f0558284cf01a52591ceda73ea9afffd69fd9"
            ],
            "index": "pypi",
            "markers": "python_version >= '3.6'",
            "version": "==2024.8.30"
        },
        "charset-normalizer": {
            "hashes": [
                "sha256:06435b539f889b1f6f4ac1758871aae42dc3a8c0e24ac9e60c2384973ad73027",
                "sha256:06a81e93cd441c56a9b65d8e1d043daeb97a3d0856d177d5c90ba85acb3db087",
                "sha256:0a55554a2fa0d408816b3b5cedf0045f4b8e1a6065aec45849de2d6f3f8e9786",
                "sha256:0b2b64d2bb6d3fb9112bafa732def486049e63de9618b5843bcdd081d8144cd8",
                "sha256:10955842570876604d404661fbccbc9c7e684caf432c09c715ec38fbae45ae09",
                "sha256:122c7fa62b130ed55f8f285bfd56d5f4b4a5b503609d181f9ad85e55c89f4185",
                "sha256:1ceae2f17a9c33cb48e3263960dc5fc8005351ee19db217e9b1bb15d28c02574",
                "sha256:1d3193f4a680c64b4b6a9115943538edb896edc190f0b222e73761716519268e",
                "sha256:1f79682fbe303db92bc2b1136016a38a42e835d932bab5b3b1bfcfbf0640e519",
                "sha256:2127566c664442652f024c837091890cb1942c30937add288223dc895793f898",
                "sha256:22afcb9f253dac0696b5a4be4a1c0f8762f8239e21b99680099abd9b2b1b2269",
                "sha256:25baf083bf6f6b341f4121c2f3c548875ee6f5339300e08be3f2b2ba1721cdd3",
                "sha256:2e81c7b9c8979ce92ed306c249d46894776a909505d8f5a4ba55b14206e3222f",
                "sha256:3287761bc4ee9e33561a7e058c72ac0938c4f57fe49a09eae428fd88aafe7bb6",
                "sha256:34d1c8da1e78d2e001f363791c98a272bb734000fcef47a491c1e3b0505657a8",
                "sha256:37e55c8e51c236f95b033f6fb391d7d7970ba5fe7ff453dad675e88cf303377a",
                "sha256:3d47fa203a7bd9c5b6cee4736ee84ca03b8ef23193c0d1ca99b5089f72645c73",
                "sha256:3e4d1f6587322d2788836a99c69062fbb091331ec940e02d12d179c1d53e25fc",
                "sha256:42cb296636fcc8b0644486d15c12376cb9fa75443e00fb25de0b8602e64c1714",
                "sha256:45485e01ff4d3630ec0d9617310448a8702f70e9c01906b0d0118bdf9d124cf2",
                "sha256:4a78b2b446bd7c934f5dcedc588903fb2f5eec172f3d29e52a9096a43722adfc",
                "sha256:4ab2fe47fae9e0f9dee8c04187ce5d09f48eabe611be8259444906793ab7cbce",
                "sha256:4d0d1650369165a14e14e1e47b372cfcb31d6ab44e6e33cb2d4e57265290044d",
                "sha256:549a3a73da901d5bc3ce8d24e0600d1fa85524c10287f6004fbab87672bf3e1e",
                "sha256:55086ee1064215781fff39a1af09518bc9255b50d6333f2e4c74ca09fac6a8f6",
                "sha256:572c3763a264ba47b3cf708a44ce965d98555f618ca42c926a9c1616d8f34269",
                "sha256:573f6eac48f4769d667c4442081b1794f52919e7edada77495aaed9236d13a96",
                "sha256:5b4c145409bef602a690e7cfad0a15a55c13320ff7a3ad7ca59c13bb8ba4d45d",
                "sha256:6463effa3186ea09411d50efc7d85360b38d5f09b870c48e4600f63af490e56a",
                "sha256:65f6f63034100ead094b8744b3b97965785388f308a64cf8d7c34f2f2e5be0c4",
                "sha256:663946639d296df6a2bb2aa51b60a2454ca1cb29835324c640dafb5ff2131a77",
                "sha256:6897af51655e3691ff853668779c7bad41579facacf5fd7253b0133308cf000d",
                "sha256:68d1f8a9e9e37c1223b656399be5d6b448dea850bed7d0f87a8311f1ff3dabb0",
                "sha256:6ac7ffc7ad6d040517be39eb591cac5ff87416c2537df6ba3cba3bae290c0fed",
                "sha256:6b3251890fff30ee142c44144871185dbe13b11bab478a88887a639655be1068",
                "sha256:6c4caeef8fa63d06bd437cd4bdcf3ffefe6738fb1b25951440d80dc7df8c03ac",
                "sha256:6ef1d82a3af9d3eecdba2321dc1b3c238245d890843e040e41e470ffa64c3e25",
                "sha256:753f10e867343b4511128c6ed8c82f7bec3bd026875576dfd88483c5c73b2fd8",
                "sha256:7cd13a2e3ddeed6913a65e66e94b51d80a041145a026c27e6bb76c31a853c6ab",
                "sha256:7ed9e526742851e8d5cc9e6cf41427dfc6068d4f5a3bb03659444b4cabf6bc26",
                "sha256:7f04c839ed0b6b98b1a7501a002144b76c18fb1c1850c8b98d458ac269e26ed2",
                "sha256:802fe99cca7457642125a8a88a084cef28ff0cf9407060f7b93dca5aa25480db",
                "sha256:80402cd6ee291dcb72644d6eac93785fe2c8b9cb30893c1af5b8fdd753b9d40f",
                "sha256:8465322196c8b4d7ab6d1e049e4c5cb460d0394da4a27d23cc242fbf0034b6b5",
                "sha256:86216b5cee4b06df986d214f664305142d9c76df9b6512be2738aa72a2048f99",
                "sha256:87d1351268731db79e0f8e745d92493ee2841c974128ef629dc518b937d9194c",
                "sha256:8bdb58ff7ba23002a4c5808d608e4e6c687175724f54a5dade5fa8c67b604e4d",
                "sha256:8c622a5fe39a48f78944a87d4fb8a53ee07344641b0562c540d840748571b811",
                "sha256:8d756e44e94489e49571086ef83b2bb8ce311e730092d2c34ca8f7d925cb20aa",
                "sha256:8f4a014bc36d3c57402e2977dada34f9c12300af536839dc38c0beab8878f38a",
                "sha256:9063e24fdb1e498ab71cb7419e24622516c4a04476b17a2dab57e8baa30d6e03",
                "sha256:90d558489962fd4918143277a773316e56c72da56ec7aa3dc3dbbe20fdfed15b",
                "sha256:923c0c831b7cfcb071580d3f46c4baf50f174be571576556269530f4bbd79d04",
                "sha256:95f2a5796329323b8f0512e09dbb7a1860c46a39da62ecb2324f116fa8fdc85c",
                "sha256:96b02a3dc4381e5494fad39be677abcb5e6634bf7b4fa83a6dd3112607547001",
                "sha256:9f96df6923e21816da7e0ad3fd47dd8f94b2a5ce594e00677c0013018b813458",
                "sha256:a10af20b82360ab00827f916a6058451b723b4e65030c5a18577c8b2de5b3389",
                "sha256:a50aebfa173e157099939b17f18600f72f84eed3049e743b68ad15bd69b6bf99",
                "sha256:a981a536974bbc7a512cf44ed14938cf01030a99e9b3a06dd59578882f06f985",
                "sha256:a9a8e9031d613fd2009c182b69c7b2c1ef8239a0efb1df3f7c8da66d5dd3d537",
                "sha256:ae5f4161f18c61806f411a13b0310bea87f987c7d2ecdbdaad0e94eb2e404238",
                "sha256:aed38f6e4fb3f5d6bf81bfa990a07806be9d83cf7bacef998ab1a9bd660a581f",
                "sha256:b01b88d45a6fcb69667cd6d2f7a9aeb4bf53760d7fc536bf679ec94fe9f3ff3d",
                "sha256:b261ccdec7821281dade748d088bb6e9b69e6d15b30652b74cbbac25e280b796",
                "sha256:b2b0a0c0517616b6869869f8c581d4eb2dd83a4d79e0ebcb7d373ef9956aeb0a",
                "sha256:b4a23f61ce87adf89be746c8a8974fe1c823c891d8f86eb218bb957c924bb143",
                "sha256:bd8f7df7d12c2db9fab40bdd87a7c09b1530128315d047a086fa3ae3435cb3a8",
                "sha256:beb58fe5cdb101e3a055192ac291b7a21e3b7ef4f67fa1d74e331a7f2124341c",
                "sha256:c002b4ffc0be611f0d9da932eb0f704fe2602a9a949d1f738e4c34c75b0863d5",
                "sha256:c083af607d2515612056a31f0a8d9e0fcb5876b7bfc0abad3ecd275bc4ebc2d5",
                "sha256:c180f51afb394e165eafe4ac2936a14bee3eb10debc9d9e4db8958fe36afe711",
                "sha256:c235ebd9baae02f1b77bcea61bce332cb4331dc3617d254df3323aa01ab47bd4",
                "sha256:cd70574b12bb8a4d2aaa0094515df2463cb429d8536cfb6c7ce983246983e5a6",
                "sha256:d0eccceffcb53201b5bfebb52600a5fb483a20b61da9dbc885f8b103cbe7598c",
                "sha256:d965bba47ddeec8cd560687584e88cf699fd28f192ceb452d1d7ee807c5597b7",
                "sha256:db364eca23f876da6f9e16c9da0df51aa4f104a972735574842618b8c6d999d4",
                "sha256:ddbb2551d7e0102e7252db79ba445cdab71b26640817ab1e3e3648dad515003b",
                "sha256:deb6be0ac38ece9ba87dea880e438f25ca3eddfac8b002a2ec3d9183a454e8ae",
                "sha256:e06ed3eb3218bc64786f7db41917d4e686cc4856944f53d5bdf83a6884432e12",
                "sha256:e27ad930a842b4c5eb8ac0016b0a54f5aebbe679340c26101df33424142c143c",
                "sha256:e537484df0d8f426ce2afb2d0f8e1c3d0b114b83f8850e5f2fbea0e797bd82ae",
                "sha256:eb00ed941194665c332bf8e078baf037d6c35d7c4f3102ea2d4f16ca94a26dc8",
                "sha256:eb6904c354526e758fda7167b33005998fb68c46fbc10e013ca97f21ca5c8887",
                "sha256:eb8821e09e916165e160797a6c17edda0679379a4be5c716c260e836e122f54b",
                "sha256:efcb3f6676480691518c177e3b465bcddf57cea040302f9f4e6e191af91174d4",
                "sha256:f27273b60488abe721a075bcca6d7f3964f9f6f067c8c4c605743023d7d3944f",
                "sha256:f30c3cb33b24454a82faecaf01b19c18562b1e89558fb6c56de4d9118a032fd5",
                "sha256:fb69256e180cb6c8a894fee62b3afebae785babc1ee98b81cdf68bbca1987f33",
                "sha256:fd1abc0d89e30cc4e02e4064dc67fcc51bd941eb395c502aac3ec19fab46b519",
                "sha256:ff8fa367d09b717b2a17a052544193ad76cd49979c805768879cb63d9ca50561"
            ],
            "index": "pypi",
            "markers": "python_full_version >= '3.7.0'",
            "version": "==3.3.2"
        },
        "dataclasses-json": {
            "hashes": [
                "sha256:0dbf33f26c8d5305befd61b39d2b3414e8a407bedc2834dea9b8d642666fb40a",
                "sha256:b6b3e528266ea45b9535223bc53ca645f5208833c29229e847b3f26a1cc55fc0"
            ],
            "index": "pypi",
            "markers": "python_version >= '3.7' and python_version < '4.0'",
            "version": "==0.6.7"
        },
        "distlib": {
            "hashes": [
                "sha256:034db59a0b96f8ca18035f36290806a9a6e6bd9d1ff91e45a7f172eb17e51784",
                "sha256:1530ea13e350031b6312d8580ddb6b27a104275a31106523b8f123787f494f64"
            ],
            "index": "pypi",
            "version": "==0.3.8"
        },
        "dominate": {
            "hashes": [
                "sha256:2346cc27dc0fd9d279abd004b29da80ee294782619d1ca1aaccf4fb02439e6f8",
                "sha256:b15791ebea432218543a1702d76ae45d2ff95ff994e52014b8686a69dad772fd"
            ],
            "index": "pypi",
            "markers": "python_version >= '3.4'",
            "version": "==2.9.0"
        },
        "dynaconf": {
            "hashes": [
                "sha256:4305527aef4834bdba3e39479b23c005186e83fb85f65bcaa4bcea58fa26759b",
                "sha256:d79e0189d97b3f226b8ebb1717e2ce05d1a05cdf6ea05de66d24625fdb5a0cbd"
            ],
            "index": "pypi",
            "markers": "python_version >= '3.8'",
            "version": "==3.2.13"
        },
        "filelock": {
            "hashes": [
                "sha256:18c57ee915c7ec61cff0ecf7f0f869936c7c30191bb0cf406f1341778d0834e1",
                "sha256:4b0dda527ee31078689fc205ec4f1c1bf7d56cf88b6dc9426c4f230e46c2dce1"
            ],
            "index": "pypi",
            "markers": "python_version >= '3.10'",
            "version": "==3.20.3"
        },
        "idna": {
            "hashes": [
                "sha256:12f65c9b470abda6dc35cf8e63cc574b1c52b11df2c86030af0ac09b01b13ea9",
                "sha256:946d195a0d259cbba61165e88e65941f16e9b36ea6ddb97f00452bae8b1287d3"
            ],
            "index": "pypi",
            "markers": "python_version >= '3.6'",
            "version": "==3.10"
        },
        "markdown": {
            "hashes": [
                "sha256:46cc0c0f1e5211ab2e9d453582f0b28a1bfaf058a9f7d5c50386b99b588d8811",
                "sha256:a2e2f01cead4828ee74ecca9623045f62216aef2212a7685d6eb9163f590b8c1"
            ],
            "index": "pypi",
            "markers": "python_version >= '3.9'",
            "version": "==3.8.1"
        },
        "marshmallow": {
            "hashes": [
                "sha256:013fa8a3c4c276c24d26d84ce934dc964e2aa794345a0f8c7e5a7191482c8a73",
                "sha256:bbe2adb5a03e6e3571b573f42527c6fe926e17467833660bebd11593ab8dfd57"
            ],
            "index": "pypi",
            "markers": "python_version >= '3.9'",
            "version": "==3.26.2"
        },
        "mypy-extensions": {
            "hashes": [
                "sha256:1be4cccdb0f2482337c4743e60421de3a356cd97508abadd57d47403e94f5505",
                "sha256:52e68efc3284861e772bbcd66823fde5ae21fd2fdb51c62a211403730b916558"
            ],
            "index": "pypi",
            "markers": "python_version >= '3.8'",
            "version": "==1.1.0"
        },
        "numpy": {
            "hashes": [
                "sha256:046356b19d7ad1890c751b99acad5e82dc4a02232013bd9a9a712fddf8eb60f5",
                "sha256:0b8cc2715a84b7c3b161f9ebbd942740aaed913584cae9cdc7f8ad5ad41943d0",
                "sha256:0d07841fd284718feffe7dd17a63a2e6c78679b2d386d3e82f44f0108c905550",
                "sha256:13cc11c00000848702322af4de0147ced365c81d66053a67c2e962a485b3717c",
                "sha256:13ce49a34c44b6de5241f0b38b07e44c1b2dcacd9e36c30f9c2fcb1bb5135db7",
                "sha256:24c2ad697bd8593887b019817ddd9974a7f429c14a5469d7fad413f28340a6d2",
                "sha256:251105b7c42abe40e3a689881e1793370cc9724ad50d64b30b358bbb3a97553b",
                "sha256:2ca4b53e1e0b279142113b8c5eb7d7a877e967c306edc34f3b58e9be12fda8df",
                "sha256:3269c9eb8745e8d975980b3a7411a98976824e1fdef11f0aacf76147f662b15f",
                "sha256:397bc5ce62d3fb73f304bec332171535c187e0643e176a6e9421a6e3eacef06d",
                "sha256:3fc5eabfc720db95d68e6646e88f8b399bfedd235994016351b1d9e062c4b270",
                "sha256:50a95ca3560a6058d6ea91d4629a83a897ee27c00630aed9d933dff191f170cd",
                "sha256:52ac2e48f5ad847cd43c4755520a2317f3380213493b9d8a4c5e37f3b87df504",
                "sha256:53e27293b3a2b661c03f79aa51c3987492bd4641ef933e366e0f9f6c9bf257ec",
                "sha256:57eb525e7c2a8fdee02d731f647146ff54ea8c973364f3b850069ffb42799647",
                "sha256:5889dd24f03ca5a5b1e8a90a33b5a0846d8977565e4ae003a63d22ecddf6782f",
                "sha256:59ca673ad11d4b84ceb385290ed0ebe60266e356641428c845b39cd9df6713ab",
                "sha256:6435c48250c12f001920f0751fe50c0348f5f240852cfddc5e2f97e007544cbe",
                "sha256:6e5a9cb2be39350ae6c8f79410744e80154df658d5bea06e06e0ac5bb75480d5",
                "sha256:7be6a07520b88214ea85d8ac8b7d6d8a1839b0b5cb87412ac9f49fa934eb15d5",
                "sha256:7c803b7934a7f59563db459292e6aa078bb38b7ab1446ca38dd138646a38203e",
                "sha256:7dd86dfaf7c900c0bbdcb8b16e2f6ddf1eb1fe39c6c8cca6e94844ed3152a8fd",
                "sha256:8661c94e3aad18e1ea17a11f60f843a4933ccaf1a25a7c6a9182af70610b2313",
                "sha256:8ae0fd135e0b157365ac7cc31fff27f07a5572bdfc38f9c2d43b2aff416cc8b0",
                "sha256:910b47a6d0635ec1bd53b88f86120a52bf56dcc27b51f18c7b4a2e2224c29f0f",
                "sha256:913cc1d311060b1d409e609947fa1b9753701dac96e6581b58afc36b7ee35af6",
                "sha256:920b0911bb2e4414c50e55bd658baeb78281a47feeb064ab40c2b66ecba85553",
                "sha256:950802d17a33c07cba7fd7c3dcfa7d64705509206be1606f196d179e539111ed",
                "sha256:981707f6b31b59c0c24bcda52e5605f9701cb46da4b86c2e8023656ad3e833cb",
                "sha256:98ce7fb5b8063cfdd86596b9c762bf2b5e35a2cdd7e967494ab78a1fa7f8b86e",
                "sha256:99f4a9ee60eed1385a86e82288971a51e71df052ed0b2900ed30bc840c0f2e39",
                "sha256:9a8e06c7a980869ea67bbf551283bbed2856915f0a792dc32dd0f9dd2fb56728",
                "sha256:ae8ce252404cdd4de56dcfce8b11eac3c594a9c16c231d081fb705cf23bd4d9e",
                "sha256:afd9c680df4de71cd58582b51e88a61feed4abcc7530bcd3d48483f20fc76f2a",
                "sha256:b49742cdb85f1f81e4dc1b39dcf328244f4d8d1ded95dea725b316bd2cf18c95",
                "sha256:b5613cfeb1adfe791e8e681128f5f49f22f3fcaa942255a6124d58ca59d9528f",
                "sha256:bab7c09454460a487e631ffc0c42057e3d8f2a9ddccd1e60c7bb8ed774992480",
                "sha256:c8a0e34993b510fc19b9a2ce7f31cb8e94ecf6e924a40c0c9dd4f62d0aac47d9",
                "sha256:caf5d284ddea7462c32b8d4a6b8af030b6c9fd5332afb70e7414d7fdded4bfd0",
                "sha256:cea427d1350f3fd0d2818ce7350095c1a2ee33e30961d2f0fef48576ddbbe90f",
                "sha256:d0cf7d55b1051387807405b3898efafa862997b4cba8aa5dbe657be794afeafd",
                "sha256:d10c39947a2d351d6d466b4ae83dad4c37cd6c3cdd6d5d0fa797da56f710a6ae",
                "sha256:d2b9cd92c8f8e7b313b80e93cedc12c0112088541dcedd9197b5dee3738c1201",
                "sha256:d4c57b68c8ef5e1ebf47238e99bf27657511ec3f071c465f6b1bccbef12d4136",
                "sha256:d51fc141ddbe3f919e91a096ec739f49d686df8af254b2053ba21a910ae518bf",
                "sha256:e097507396c0be4e547ff15b13dc3866f45f3680f789c1a1301b07dadd3fbc78",
                "sha256:e30356d530528a42eeba51420ae8bf6c6c09559051887196599d96ee5f536468",
                "sha256:e8d5f8a8e3bc87334f025194c6193e408903d21ebaeb10952264943a985066ca",
                "sha256:e8dfa9e94fc127c40979c3eacbae1e61fda4fe71d84869cc129e2721973231ef",
                "sha256:f212d4f46b67ff604d11fff7cc62d36b3e8714edf68e44e9760e19be38c03eb0",
                "sha256:f7506387e191fe8cdb267f912469a3cccc538ab108471291636a96a54e599556",
                "sha256:fac6e277a41163d27dfab5f4ec1f7a83fac94e170665a4a50191b545721c6521",
                "sha256:fcd8f556cdc8cfe35e70efb92463082b7f43dd7e547eb071ffc36abc0ca4699b"
            ],
            "index": "pypi",
            "markers": "python_version >= '3.10'",
            "version": "==2.1.1"
        },
        "packaging": {
            "hashes": [
                "sha256:29572ef2b1f17581046b3a2227d5c611fb25ec70ca1ba8554b24b0e69331a484",
                "sha256:d443872c98d677bf60f6a1f2f8c1cb748e8fe762d2bf9d3148b5599295b0fc4f"
            ],
            "index": "pypi",
            "markers": "python_version >= '3.8'",
            "version": "==25.0"
        },
        "pandas": {
            "hashes": [
                "sha256:001910ad31abc7bf06f49dcc903755d2f7f3a9186c0c040b827e522e9cef0863",
                "sha256:0ca6377b8fca51815f382bd0b697a0814c8bda55115678cbc94c30aacbb6eff2",
                "sha256:0cace394b6ea70c01ca1595f839cf193df35d1575986e484ad35c4aeae7266c1",
                "sha256:1cb51fe389360f3b5a4d57dbd2848a5f033350336ca3b340d1c53a1fad33bcad",
                "sha256:2925720037f06e89af896c70bca73459d7e6a4be96f9de79e2d440bd499fe0db",
                "sha256:3e374f59e440d4ab45ca2fffde54b81ac3834cf5ae2cdfa69c90bc03bde04d76",
                "sha256:40ae1dffb3967a52203105a077415a86044a2bea011b5f321c6aa64b379a3f51",
                "sha256:43498c0bdb43d55cb162cdc8c06fac328ccb5d2eabe3cadeb3529ae6f0517c32",
                "sha256:4abfe0be0d7221be4f12552995e58723c7422c80a659da13ca382697de830c08",
                "sha256:58b84b91b0b9f4bafac2a0ac55002280c094dfc6402402332c0913a59654ab2b",
                "sha256:640cef9aa381b60e296db324337a554aeeb883ead99dc8f6c18e81a93942f5f4",
                "sha256:66b479b0bd07204e37583c191535505410daa8df638fd8e75ae1b383851fe921",
                "sha256:696039430f7a562b74fa45f540aca068ea85fa34c244d0deee539cb6d70aa288",
                "sha256:6d2123dc9ad6a814bcdea0f099885276b31b24f7edf40f6cdbc0912672e22eee",
                "sha256:8635c16bf3d99040fdf3ca3db669a7250ddf49c55dc4aa8fe0ae0fa8d6dcc1f0",
                "sha256:873d13d177501a28b2756375d59816c365e42ed8417b41665f346289adc68d24",
                "sha256:8e5a0b00e1e56a842f922e7fae8ae4077aee4af0acb5ae3622bd4b4c30aedf99",
                "sha256:8e90497254aacacbc4ea6ae5e7a8cd75629d6ad2b30025a4a8b09aa4faf55151",
                "sha256:9057e6aa78a584bc93a13f0a9bf7e753a5e9770a30b4d758b8d5f2a62a9433cd",
                "sha256:90c6fca2acf139569e74e8781709dccb6fe25940488755716d1d354d6bc58bce",
                "sha256:92fd6b027924a7e178ac202cfbe25e53368db90d56872d20ffae94b96c7acc57",
                "sha256:9dfde2a0ddef507a631dc9dc4af6a9489d5e2e740e226ad426a05cabfbd7c8ef",
                "sha256:9e79019aba43cb4fda9e4d983f8e88ca0373adbb697ae9c6c43093218de28b54",
                "sha256:a77e9d1c386196879aa5eb712e77461aaee433e54c68cf253053a73b7e49c33a",
                "sha256:c7adfc142dac335d8c1e0dcbd37eb8617eac386596eb9e1a1b77791cf2498238",
                "sha256:d187d355ecec3629624fccb01d104da7d7f391db0311145817525281e2804d23",
                "sha256:ddf818e4e6c7c6f4f7c8a12709696d193976b591cc7dc50588d3d1a6b5dc8772",
                "sha256:e9b79011ff7a0f4b1d6da6a61aa1aa604fb312d6647de5bad20013682d1429ce",
                "sha256:eee3a87076c0756de40b05c5e9a6069c035ba43e8dd71c379e68cab2c20f16ad"
            ],
            "index": "pypi",
            "markers": "python_version >= '3.9'",
            "version": "==2.2.2"
        },
        "parse": {
            "hashes": [
                "sha256:967095588cb802add9177d0c0b6133b5ba33b1ea9007ca800e526f42a85af558",
                "sha256:b41d604d16503c79d81af5165155c0b20f6c8d6c559efa66b4b695c3e5a0a0ce"
            ],
            "index": "pypi",
            "version": "==1.20.2"
        },
        "parse-type": {
            "hashes": [
                "sha256:8d94a52e0197fbad63fee8f70df16e6ed689e5e4f105b705c9afa7a30397a5aa",
                "sha256:8e99d2f52fab2f0f1f3d68ba9d026060140bf0e53680aada0111fb27b2f0e93a"
            ],
            "index": "pypi",
            "markers": "python_version >= '2.7' and python_version not in '3.0, 3.1, 3.2, 3.3'",
            "version": "==0.6.3"
        },
        "pillow": {
            "hashes": [
                "sha256:00a2865911330191c0b818c59103b58a5e697cae67042366970a6b6f1b20b7f9",
                "sha256:01afa7cf67f74f09523699b4e88c73fb55c13346d212a59a2db1f86b0a63e8c5",
                "sha256:03e7e372d5240cc23e9f07deca4d775c0817bffc641b01e9c3af208dbd300987",
                "sha256:03f6fab9219220f041c74aeaa2939ff0062bd5c364ba9ce037197f4c6d498cd9",
                "sha256:042db20a421b9bafecc4b84a8b6e444686bd9d836c7fd24542db3e7df7baad9b",
                "sha256:0538bd5e05efec03ae613fd89c4ce0368ecd2ba239cc25b9f9be7ed426b0af1f",
                "sha256:0a34329707af4f73cf1782a36cd2289c0368880654a2c11f027bcee9052d35dd",
                "sha256:0c838a5125cee37e68edec915651521191cef1e6aa336b855f495766e77a366e",
                "sha256:144748b3af2d1b358d41286056d0003f47cb339b8c43a9ea42f5fea4d8c66b6e",
                "sha256:1610dd6c61621ae1cf811bef44d77e149ce3f7b95afe66a4512f8c59f25d9ebe",
                "sha256:1e1757442ed87f4912397c6d35a0db6a7b52592156014706f17658ff58bbf795",
                "sha256:22db17c68434de69d8ecfc2fe821569195c0c373b25cccb9cbdacf2c6e53c601",
                "sha256:25373b66e0dd5905ed63fa3cae13c82fbddf3079f2c8bf15c6fb6a35586324c1",
                "sha256:2bb4a8d594eacdfc59d9e5ad972aa8afdd48d584ffd5f13a937a664c3e7db0ed",
                "sha256:2c727a6d53cb0018aadd8018c2b938376af27914a68a492f59dfcaca650d5eea",
                "sha256:2d192a155bbcec180f8564f693e6fd9bccff5a7af9b32e2e4bf8c9c69dbad6b5",
                "sha256:2e589959f10d9824d39b350472b92f0ce3b443c0a3442ebf41c40cb8361c5b97",
                "sha256:2e5a76d03a6c6dcef67edabda7a52494afa4035021a79c8558e14af25313d453",
                "sha256:325ca0528c6788d2a6c3d40e3568639398137346c3d6e66bb61db96b96511c98",
                "sha256:34c0d99ecccea270c04882cb3b86e7b57296079c9a4aff88cb3b33563d95afaa",
                "sha256:390ede346628ccc626e5730107cde16c42d3836b89662a115a921f28440e6a3b",
                "sha256:394167b21da716608eac917c60aa9b969421b5dcbbe02ae7f013e7b85811c69d",
                "sha256:3997232e10d2920a68d25191392e3a4487d8183039e1c74c2297f00ed1c50705",
                "sha256:3adc9215e8be0448ed6e814966ecf3d9952f0ea40eb14e89a102b87f450660d8",
                "sha256:3e080565d8d7c671db5802eedfb438e5565ffa40115216eabb8cd52d0ecce024",
                "sha256:4a6c9fa44005fa37a91ebfc95d081e8079757d2e904b27103f4f5fa6f0bf78c0",
                "sha256:4bfd07bc812fbd20395212969e41931001fd59eb55a60658b0e5710872e95286",
                "sha256:4e6c62e9d237e9b65fac06857d511e90d8461a32adcc1b9065ea0c0fa3a28150",
                "sha256:50d8520da2a6ce0af445fa6d648c4273c3eeefbc32d7ce049f22e8b5c3daecc2",
                "sha256:51c4167c34b0d8ba05b547a3bb23578d0ba17b80a5593f93bd8ecb123dd336a3",
                "sha256:56a3f9c60a13133a98ecff6197af34d7824de9b7b38c3654861a725c970c197b",
                "sha256:56b25336f502b6ed02e889f4ece894a72612fe885889a6e8c4c80239ff6e5f5f",
                "sha256:57850958fe9c751670e49b2cecf6294acc99e562531f4bd317fa5ddee2068463",
                "sha256:58f62cc0f00fd29e64b29f4fd923ffdb3859c9f9e6105bfc37ba1d08994e8940",
                "sha256:5c0a9f29ca8e79f09de89293f82fc9b0270bb4af1d58bc98f540cc4aedf03166",
                "sha256:5cdfebd752ec52bf5bb4e35d9c64b40826bc5b40a13df7c3cda20a2c03a0f5ed",
                "sha256:5d04bfa02cc2d23b497d1e90a0f927070043f6cbf303e738300532379a4b4e0f",
                "sha256:5d2fd0fa6b5d9d1de415060363433f28da8b1526c1c129020435e186794b3795",
                "sha256:62f5409336adb0663b7caa0da5c7d9e7bdbaae9ce761d34669420c2a801b2780",
                "sha256:632ff19b2778e43162304d50da0181ce24ac5bb8180122cbe1bf4673428328c7",
                "sha256:6562ace0d3fb5f20ed7290f1f929cae41b25ae29528f2af1722966a0a02e2aa1",
                "sha256:673aa32138f3e7531ccdbca7b3901dba9b70940a19ccecc6a37c77d5fdeb05b5",
                "sha256:6a6e67ea2e6feda684ed370f9a1c52e7a243631c025ba42149a2cc5934dec295",
                "sha256:6a9adfc6d24b10f89588096364cc726174118c62130c817c2837c60cf08a392b",
                "sha256:6bb77b2dcb06b20f9f4b4a8454caa581cd4dd0643a08bacf821216a16d9c8354",
                "sha256:6e6b2a0c538fc200b38ff9eb6628228b77908c319a005815f2dde585a0664b60",
                "sha256:71cde9a1e1551df7d34a25462fc60325e8a11a82cc2e2f54578e5e9a1e153d65",
                "sha256:7371b48c4fa448d20d2714c9a1f775a81155050d383333e0a6c15b1123dda005",
                "sha256:766cef22385fa1091258ad7e6216792b156dc16d8d3fa607e7545b2b72061f1c",
                "sha256:7b14cc0106cd9aecda615dd6903840a058b4700fcb817687d0ee4fc8b6e389be",
                "sha256:7f84204dee22a783350679a0333981df803dac21a0190d706a50475e361c93f5",
                "sha256:8023abc91fba39036dbce14a7d6535632f99c0b857807cbbbf21ecc9f4717f06",
                "sha256:80b2da48193b2f33ed0c32c38140f9d3186583ce7d516526d462645fd98660ae",
                "sha256:8297651f5b5679c19968abefd6bb84d95fe30ef712eb1b2d9b2d31ca61267f4c",
                "sha256:88d387ff40b3ff7c274947ed3125dedf5262ec6919d83946753b5f3d7c67ea4c",
                "sha256:88ddbc66737e277852913bd1e07c150cc7bb124539f94c4e2df5344494e0a612",
                "sha256:8bd7903a5f2a4545f6fd5935c90058b89d30045568985a71c79f5fd6edf9b91e",
                "sha256:8be29e59487a79f173507c30ddf57e733a357f67881430449bb32614075a40ab",
                "sha256:8c984051042858021a54926eb597d6ee3012393ce9c181814115df4c60b9a808",
                "sha256:8cbeb542b2ebc6fcdacabf8aca8c1a97c9b3ad3927d46b8723f9d4f033288a0f",
                "sha256:8e9c4f5b3c546fa3458a29ab22646c1c6c787ea8f5ef51300e5a60300736905e",
                "sha256:90e6f81de50ad6b534cab6e5aef77ff6e37722b2f5d908686f4a5c9eba17a909",
                "sha256:975385f4776fafde056abb318f612ef6285b10a1f12b8570f3647ad0d74b48ec",
                "sha256:9a8a34cc89c67a65ea7437ce257cea81a9dad65b29805f3ecee8c8fe8ff25ffe",
                "sha256:9aba9a17b623ef750a4d11b742cbafffeb48a869821252b30ee21b5e91392c50",
                "sha256:9f08483a632889536b8139663db60f6724bfcb443c96f1b18855860d7d5c0fd4",
                "sha256:a4e8f36e677d3336f35089648c8955c51c6d386a13cf6ee9c189c5f5bd713a9f",
                "sha256:a52edc8bfff4429aaabdf4d9ee0daadbbf8562364f940937b941f87a4290f5ff",
                "sha256:a830b1a40919539d07806aa58e1b114df53ddd43213d9c8b75847eee6c0182b5",
                "sha256:aa88ccfe4e32d362816319ed727a004423aab09c5cea43c01a4b435643fa34eb",
                "sha256:af73337013e0b3b46f175e79492d96845b16126ddf79c438d7ea7ff27783a414",
                "sha256:b1c1fbd8a5a1af3412a0810d060a78b5136ec0836c8a4ef9aa11807f2a22f4e1",
                "sha256:b85f66ae9eb53e860a873b858b789217ba505e5e405a24b85c0464822fe88032",
                "sha256:b86024e52a1b269467a802258c25521e6d742349d760728092e1bc2d135b4d76",
                "sha256:bd9c0c7a0c681a347b3194c500cb1e6ca9cab053ea4d82a5cf45b6b754560136",
                "sha256:bfa9c230d2fe991bed5318a5f119bd6780cda2915cca595393649fc118ab895e",
                "sha256:d362d1878f00c142b7e1a16e6e5e780f02be8195123f164edf7eddd911eefe7c",
                "sha256:d5d38f1411c0ed9f97bcb49b7bd59b6b7c314e0e27420e34d99d844b9ce3b6f3",
                "sha256:dac8d77255a37e81a2efcbd1fc05f1c15ee82200e6c240d7e127e25e365c39ea",
                "sha256:dd025009355c926a84a612fecf58bb315a3f6814b17ead51a8e48d3823d9087f",
                "sha256:deede7c263feb25dba4e82ea23058a235dcc2fe1f6021025dc71f2b618e26104",
                "sha256:e74473c875d78b8e9d5da2a70f7099549f9eb37ded4e2f6a463e60125bccd176",
                "sha256:ee3120ae9dff32f121610bb08e4313be87e03efeadfc6c0d18f89127e24d0c24",
                "sha256:eedf4b74eda2b5a4b2b2fb4c006d6295df3bf29e459e198c90ea48e130dc75c3",
                "sha256:efd8c21c98c5cc60653bcb311bef2ce0401642b7ce9d09e03a7da87c878289d4",
                "sha256:f1c943e96e85df3d3478f7b691f229887e143f81fedab9b20205349ab04d73ed",
                "sha256:f278f034eb75b4e8a13a54a876cc4a5ab39173d2cdd93a638e1b467fc545ac43",
                "sha256:f3f40b3c5a968281fd507d519e444c35f0ff171237f4fdde090dd60699458421",
                "sha256:f490f9368b6fc026f021db16d7ec2fbf7d89e2edb42e8ec09d2c60505f5729c7",
                "sha256:fb043ee2f06b41473269765c2feae53fc2e2fbf96e5e22ca94fb5ad677856f06",
                "sha256:fc3d34d4a8fbec3e88a79b92e5465e0f9b842b628675850d860b8bd300b159f5"
            ],
            "index": "pypi",
            "markers": "python_version >= '3.10'",
            "version": "==12.2.0"
        },
        "pipenv": {
            "hashes": [
                "sha256:5360835c613837423a99b8c94952b139b777b3eaabb42cb9edb34556245b4c25",
                "sha256:ae5a83fa5b66065cebd2bd8f73f0b281b3bd202a13d58cc644f0b9765128c990"
            ],
            "index": "pypi",
            "markers": "python_version >= '3.8'",
            "version": "==2024.0.1"
        },
        "platformdirs": {
            "hashes": [
                "sha256:50a5450e2e84f44539718293cbb1da0a0885c9d14adf21b77bae4e66fc99d9b5",
                "sha256:d4e0b7d8ec176b341fb03cb11ca12d0276faa8c485f9cd218f613840463fc2c0"
            ],
            "index": "pypi",
            "markers": "python_version >= '3.8'",
            "version": "==4.3.3"
        },
        "pyexecjs": {
            "hashes": [
                "sha256:34cc1d070976918183ff7bdc0ad71f8157a891c92708c00c5fbbff7a769f505c"
            ],
            "index": "pypi",
            "version": "==1.5.1"
        },
        "pymupdf": {
            "hashes": [
                "sha256:00499b864a56a2168254dce3d0f12048b96e9b3bdd43fecace18a1572342c8d4",
                "sha256:042ad205c7ef615d9fbab7078f6fa8d14f020ed2dfe3a79d803b6171318565b5",
                "sha256:13d06161176e1d4e337f5b5e053b628e4531bab5effb269a83dc38d4deb8e659",
                "sha256:241913d0c76aacb05acdd8a0e82b1105883ffe6ef3bb4d9742b41d3c5e84d2db",
                "sha256:3692a5e824f10dc09bbddabab207f7cd5979831e48dd2f4de1be21e441767473",
                "sha256:3d1133983c7ac388a35bbab8dfc4c26a874c05edc47d2038961add2efa4639a8",
                "sha256:41c92d69993e7614730205b75d7999b21ca0f929d31b2bb86a4b58d3b1b0451a",
                "sha256:454932e9c7b9cd3057ee83dfe805f551a1382b9e216e87a32eb44c6d6843f966",
                "sha256:46b1f84816c666e1c82f4249c1e815e92c462633255d72da20751eaad125d0f0",
                "sha256:49cb22196f11c2327f6345554db48cfb2e31ed4f073ca6a872f21ddc4b0619c1",
                "sha256:4e807010ef4e63cfb70dd88fe1fcd1d7e2b4e62ffa2b1dc53b35bc18bf939d8e",
                "sha256:4f7b19f5c0026db49b7be17901728ed15761c5aa2031f04b01f9eb2e54f1b50e",
                "sha256:4fa45474d63715c707e3c3a6ebeeee75fd7aaa180512b75863e437f6876dfa86",
                "sha256:5199567353d1543e6c21c626148f8ac9ebb14ce553f2c434fcb9b00e195e1e52",
                "sha256:5cec9d17fdcbd83fa2c90190c22f652a0a51275cf75a29068eea025fff076829",
                "sha256:5dac888cc16981e385c886c26de6aabf914059215e028d14cd67767ff0c1288c",
                "sha256:7ab228dfb80002eb8612ffe71b50052d8b20d9364a3535e2fe43a0901ce41d40",
                "sha256:84e1516d4b3e40711b9a6dbaedd30e0a89d6a054ca408a56114ceb5a1461f0d1",
                "sha256:8e29bc817afad511072371f24624c7c3b7485a9e656b6a65dc58fecdf5043b08",
                "sha256:93cc4908259f133c9dc88f5e77329c4b2dbc03fca83126b1efffedb67ade0fb9",
                "sha256:94f2796a3dd1f0735d0717eb020d7c3c7313eaae8c9c1040022408c880931616",
                "sha256:a04af6f3f5f35cb62bc7b3c2e9cfff510aa56c39c53355ecfff40b7cb9773fef",
                "sha256:b4495833bb0300fc885491928f2cbdf96afb569205dcc256bb4c43e3d1fde7cb",
                "sha256:b4f85c24050e3778be6c7c1f4d4965fd4385281264798df7b4301b78895053fd",
                "sha256:c97f0b2fb201c9d9bc0f15a901641174e8896a9ae9fbe0d5bb1a6f2315cc3ced",
                "sha256:caf43ce86790f95049a5849f2802b5c412b865cd368ece89a39a54fc84aa45cd",
                "sha256:d17ec6920f91c43b6e777a017f3aaf44b205a3216771db9e8aa46e78a703f8f6",
                "sha256:d7cdddce8d214e65ed483a8a403da49984815e543c3ce4b539306570c4cfc453",
                "sha256:da5d9699472bfd1de52975de3eb7efaf5190ac5801b9fc6bcccde603afbe6937",
                "sha256:de55817c02e06ff75233ce2487cc5ebcbf585acd694bb69500825ee37789ac79",
                "sha256:de8b330900c194efeedeb97adab25520479d101fc9aed50d7323dde08698ae24",
                "sha256:e2828a79415ae3dd90c629697ace51db7f1e81f426fc2fc034c2151dbe58be6e",
                "sha256:e4c867f1cde68ff0e9c7889ea27c4c2c67df80e776f82619888bb69d1e1b27cf",
                "sha256:e53370f3679a7b013c2abb801bb566882dab1fb59646d4b0a717ee0d350c5ab1",
                "sha256:f074e501e883428e7d5480f732ea6a6bd17146f10ebefb9b84957fd32b79f0d4",
                "sha256:ff70e26625b6cdd036e2c63b5d6c1897949c0e8b205cd756276f27baadaad340"
            ],
            "index": "pypi",
            "markers": "python_version >= '3.8'",
            "version": "==1.24.9"
        },
        "pymupdfb": {
            "hashes": [
                "sha256:198f6b3713b6f980fa96c1099be0d5459c7d43c593299948f0ba528577e6bf46",
                "sha256:20ea17fd5799dcf7813ec099c0ce303f763e6e4ba8d0f54d5f84e4df90c3a340",
                "sha256:3c9e694b1fb1bde37a8d3c953fbd0916e7dee8a4650142547d4f832105b17689",
                "sha256:3fd74ee7969712ab457495465da0a61aab44d8cf9b71b9ef51910a8c6a90ad57",
                "sha256:5505f07b3dded6e791ab7d10d01f0687e913fc75edd23fdf2825a582b6651558",
                "sha256:ae044ebc8299f5a3ba822a6dfe97285dffd6c66cba194bc39180aa189a2755c9",
                "sha256:c6b8adc0b9c91ff0f657440a816ad2130429a808cd53ff273f3e72532e526bdc",
                "sha256:eb5b38f588963a239a8c0bca99d3d912f0c04674e3c6e7199e44cebd22840061"
            ],
            "index": "pypi",
            "markers": "python_version >= '3.8'",
            "version": "==1.24.9"
        },
        "python-dateutil": {
            "hashes": [
                "sha256:37dd54208da7e1cd875388217d5e00ebd4179249f90fb72437e91a35459a0ad3",
                "sha256:a8b2bc7bffae282281c8140a97d3aa9c14da0b136dfe83f850eea9a5f7470427"
            ],
            "index": "pypi",
            "markers": "python_version >= '2.7' and python_version not in '3.0, 3.1, 3.2, 3.3'",
            "version": "==2.9.0.post0"
        },
        "pytz": {
            "hashes": [
                "sha256:2aa355083c50a0f93fa581709deac0c9ad65cca8a9e9beac660adcbd493c798a",
                "sha256:31c7c1817eb7fae7ca4b8c7ee50c72f93aa2dd863de768e1ef4245d426aa0725"
            ],
            "index": "pypi",
            "version": "==2024.2"
        },
        "requests": {
            "hashes": [
                "sha256:3324635456fa185245e24865e810cecec7b4caf933d7eb133dcde67d48cee69b",
                "sha256:c7ebc5e8b0f21837386ad0e1c8fe8b829fa5f544d8df3b2253bff14ef29d7652"
            ],
            "index": "pypi",
            "markers": "python_version >= '3.10'",
            "version": "==2.33.0"
        },
        "setuptools": {
            "hashes": [
                "sha256:7d872682c5d01cfde07da7bccc7b65469d3dca203318515ada1de5eda35efbf9",
                "sha256:a59e362652f08dcd477c78bb6e7bd9d80a7995bc73ce773050228a348ce2e5bb"
            ],
            "markers": "python_version >= '3.9'",
            "version": "==82.0.1"
        },
        "six": {
            "hashes": [
                "sha256:1e61c37477a1626458e36f7b1d82aa5c9b094fa4802892072e49de9c60c4c926",
                "sha256:8abb2f1d86890a2dfb989f9a77cfcfd3e47c2a354b01111771326f8aa26e0254"
            ],
            "index": "pypi",
            "markers": "python_version >= '2.7' and python_version not in '3.0, 3.1, 3.2, 3.3'",
            "version": "==1.16.0"
        },
        "typing-extensions": {
            "hashes": [
                "sha256:8676b788e32f02ab42d9e7c61324048ae4c6d844a399eebace3d4979d75ceef4",
                "sha256:a1514509136dd0b477638fc68d6a91497af5076466ad0fa6c338e44e359944af"
            ],
            "index": "pypi",
            "markers": "python_version >= '3.9'",
            "version": "==4.14.0"
        },
        "typing-inspect": {
            "hashes": [
                "sha256:9ee6fc59062311ef8547596ab6b955e1b8aa46242d854bfc78f4f6b0eff35f9f",
                "sha256:b23fc42ff6f6ef6954e4852c1fb512cdd18dbea03134f91f856a95ccc9461f78"
            ],
            "index": "pypi",
            "version": "==0.9.0"
        },
        "tzdata": {
            "hashes": [
                "sha256:2674120f8d891909751c38abcdfd386ac0a5a1127954fbc332af6b5ceae07efd",
                "sha256:9068bc196136463f5245e51efda838afa15aaeca9903f49050dfa2679db4d252"
            ],
            "index": "pypi",
            "markers": "python_version >= '2'",
            "version": "==2024.1"
        },
        "urllib3": {
            "hashes": [
                "sha256:1b62b6884944a57dbe321509ab94fd4d3b307075e0c2eae991ac71ee15ad38ed",
                "sha256:bf272323e553dfb2e87d9bfd225ca7b0f467b919d7bbd355436d3fd37cb0acd4"
            ],
            "index": "pypi",
            "markers": "python_version >= '3.9'",
            "version": "==2.6.3"
        },
        "virtualenv": {
            "hashes": [
                "sha256:575a8d6b124ef88f6f51d56d656132389f961062a9177016a50e4f507bbcc19f",
                "sha256:8befb5c81842c641f8ee658481e42641c68b5eab3521d8e092d18320902466ba"
            ],
            "index": "pypi",
            "markers": "python_version >= '3.8'",
            "version": "==20.36.1"
        },
        "xmltodict": {
            "hashes": [
                "sha256:341595a488e3e01a85a9d8911d8912fd922ede5fecc4dce437eb4b6c8d037e56",
                "sha256:aa89e8fd76320154a40d19a0df04a4695fb9dc5ba977cbb68ab3e4eb225e7852"
            ],
            "index": "pypi",
            "markers": "python_version >= '3.4'",
            "version": "==0.13.0"
        }
    },
    "develop": {}
}
